
Microsoft Visual Studio Solution File, Format Version 12.00
# Visual Studio Version 16
VisualStudioVersion = 16.0.30611.23
MinimumVisualStudioVersion = 10.0.40219.1
Project("{FAE04EC0-301F-11D3-BF4B-00C04F79EFBC}") = "TeknikServis", "TeknikServis\TeknikServis.csproj", "{731C8963-DF89-4CCA-9CC2-D5E71075859A}"
EndProject
Global
	GlobalSection(SolutionConfigurationPlatforms) = preSolution
		Debug|Any CPU = Debug|Any CPU
		Release|Any CPU = Release|Any CPU
	EndGlobalSection
	GlobalSection(ProjectConfigurationPlatforms) = postSolution
		{731C8963-DF89-4CCA-9CC2-D5E71075859A}.Debug|Any CPU.ActiveCfg = Debug|Any CPU
		{731C8963-DF89-4CCA-9CC2-D5E71075859A}.Debug|Any CPU.Build.0 = Debug|Any CPU
		{731C8963-DF89-4CCA-9CC2-D5E71075859A}.Release|Any CPU.ActiveCfg = Release|Any CPU
		{731C8963-DF89-4CCA-9CC2-D5E71075859A}.Release|Any CPU.Build.0 = Release|Any CPU
	EndGlobalSection
	GlobalSection(SolutionProperties) = preSolution
		HideSolutionNode = FALSE
	EndGlobalSection
	GlobalSection(ExtensibilityGlobals) = postSolution
		SolutionGuid = {F62A7AF6-1DCE-4F1C-8D3B-9ED966929C2A}
	EndGlobalSection
EndGlobal
